Microsoft Visual Studio Solution File, Format Version 12.00
# Visual Studio Version 17
VisualStudioVersion = 17.5.2.0
MinimumVisualStudioVersion = 10.0.40219.1
Project("{FAE04EC0-301F-11D3-BF4B-00C04F79EFBC}") = "RevitCommand25", "RevitCommand25.csproj", "{C48E931B-B257-B86B-BEF7-EF95CA64A7B9}"
EndProject
Global
	GlobalSection(SolutionConfigurationPlatforms) = preSolution
		Debug|Any CPU = Debug|Any CPU
		Release|Any CPU = Release|Any CPU
	EndGlobalSection
	GlobalSection(ProjectConfigurationPlatforms) = postSolution
		{C48E931B-B257-B86B-BEF7-EF95CA64A7B9}.Debug|Any CPU.ActiveCfg = Debug|Any CPU
		{C48E931B-B257-B86B-BEF7-EF95CA64A7B9}.Debug|Any CPU.Build.0 = Debug|Any CPU
		{C48E931B-B257-B86B-BEF7-EF95CA64A7B9}.Release|Any CPU.ActiveCfg = Release|Any CPU
		{C48E931B-B257-B86B-BEF7-EF95CA64A7B9}.Release|Any CPU.Build.0 = Release|Any CPU
	EndGlobalSection
	GlobalSection(SolutionProperties) = preSolution
		HideSolutionNode = FALSE
	EndGlobalSection
	GlobalSection(ExtensibilityGlobals) = postSolution
		SolutionGuid = {3A2A6751-5022-45D1-9FBA-BFE477DBC7A6}
	EndGlobalSection
EndGlobal
